
Microsoft Visual Studio Solution File, Format Version 12.00
# Visual Studio Version 17
VisualStudioVersion = 17.8.34525.116
MinimumVisualStudioVersion = 10.0.40219.1
Project("{FAE04EC0-301F-11D3-BF4B-00C04F79EFBC}") = "EcommApi.api", "EcommApi.api\EcommApi.api.csproj", "{6F4E44C1-0A6C-432B-B2D6-D25586A8A1AB}"
EndProject
Global
	GlobalSection(SolutionConfigurationPlatforms) = preSolution
		Debug|Any CPU = Debug|Any CPU
		Release|Any CPU = Release|Any CPU
	EndGlobalSection
	GlobalSection(ProjectConfigurationPlatforms) = postSolution
		{6F4E44C1-0A6C-432B-B2D6-D25586A8A1AB}.Debug|Any CPU.ActiveCfg = Debug|Any CPU
		{6F4E44C1-0A6C-432B-B2D6-D25586A8A1AB}.Debug|Any CPU.Build.0 = Debug|Any CPU
		{6F4E44C1-0A6C-432B-B2D6-D25586A8A1AB}.Release|Any CPU.ActiveCfg = Release|Any CPU
		{6F4E44C1-0A6C-432B-B2D6-D25586A8A1AB}.Release|Any CPU.Build.0 = Release|Any CPU
	EndGlobalSection
	GlobalSection(SolutionProperties) = preSolution
		HideSolutionNode = FALSE
	EndGlobalSection
	GlobalSection(ExtensibilityGlobals) = postSolution
		SolutionGuid = {838F2D8D-9CF1-4995-AAE4-BF18429C28EC}
	EndGlobalSection
EndGlobal
